
Microsoft Visual Studio Solution File, Format Version 12.00
Project("{FAE04EC0-301F-11D3-BF4B-00C04F79EFBC}") = "Bil359VizeToDoApp", "Bil359VizeToDoApp.csproj", "{E0BFB83B-759D-4054-8FBC-5264257A8402}"
EndProject
Global
	GlobalSection(SolutionConfigurationPlatforms) = preSolution
		Debug|Any CPU = Debug|Any CPU
		Release|Any CPU = Release|Any CPU
	EndGlobalSection
	GlobalSection(ProjectConfigurationPlatforms) = postSolution
		{E0BFB83B-759D-4054-8FBC-5264257A8402}.Debug|Any CPU.ActiveCfg = Debug|Any CPU
		{E0BFB83B-759D-4054-8FBC-5264257A8402}.Debug|Any CPU.Build.0 = Debug|Any CPU
		{E0BFB83B-759D-4054-8FBC-5264257A8402}.Release|Any CPU.ActiveCfg = Release|Any CPU
		{E0BFB83B-759D-4054-8FBC-5264257A8402}.Release|Any CPU.Build.0 = Release|Any CPU
	EndGlobalSection
EndGlobal
